
Microsoft Visual Studio Solution File, Format Version 12.00
# Visual Studio Version 16
VisualStudioVersion = 16.0.30503.244
MinimumVisualStudioVersion = 10.0.40219.1
Project("{9A19103F-16F7-4668-BE54-9A1E7A4F7556}") = "BlackToonManager", "BlackToonManager\BlackToonManager.csproj", "{F748F9D7-391B-46C2-8864-15BDF1942DAD}"
EndProject
Global
	GlobalSection(SolutionConfigurationPlatforms) = preSolution
		Debug|Any CPU = Debug|Any CPU
		Release|Any CPU = Release|Any CPU
	EndGlobalSection
	GlobalSection(ProjectConfigurationPlatforms) = postSolution
		{F748F9D7-391B-46C2-8864-15BDF1942DAD}.Debug|Any CPU.ActiveCfg = Debug|Any CPU
		{F748F9D7-391B-46C2-8864-15BDF1942DAD}.Debug|Any CPU.Build.0 = Debug|Any CPU
		{F748F9D7-391B-46C2-8864-15BDF1942DAD}.Release|Any CPU.ActiveCfg = Release|Any CPU
		{F748F9D7-391B-46C2-8864-15BDF1942DAD}.Release|Any CPU.Build.0 = Release|Any CPU
	EndGlobalSection
	GlobalSection(SolutionProperties) = preSolution
		HideSolutionNode = FALSE
	EndGlobalSection
	GlobalSection(ExtensibilityGlobals) = postSolution
		SolutionGuid = {FDDF226D-9FA6-48D5-BAFA-70CE52DDE0AC}
	EndGlobalSection
EndGlobal
